
Microsoft Visual Studio Solution File, Format Version 12.00
# Visual Studio Version 17
VisualStudioVersion = 17.7.34221.43
MinimumVisualStudioVersion = 10.0.40219.1
Project("{FAE04EC0-301F-11D3-BF4B-00C04F79EFBC}") = "WebInsuranceQuoteApp", "WebInsuranceQuoteApp\WebInsuranceQuoteApp.csproj", "{1012FC28-CF3A-4D24-8120-94C37EDE7FBF}"
EndProject
Global
	GlobalSection(SolutionConfigurationPlatforms) = preSolution
		Debug|Any CPU = Debug|Any CPU
		Release|Any CPU = Release|Any CPU
	EndGlobalSection
	GlobalSection(ProjectConfigurationPlatforms) = postSolution
		{1012FC28-CF3A-4D24-8120-94C37EDE7FBF}.Debug|Any CPU.ActiveCfg = Debug|Any CPU
		{1012FC28-CF3A-4D24-8120-94C37EDE7FBF}.Debug|Any CPU.Build.0 = Debug|Any CPU
		{1012FC28-CF3A-4D24-8120-94C37EDE7FBF}.Release|Any CPU.ActiveCfg = Release|Any CPU
		{1012FC28-CF3A-4D24-8120-94C37EDE7FBF}.Release|Any CPU.Build.0 = Release|Any CPU
	EndGlobalSection
	GlobalSection(SolutionProperties) = preSolution
		HideSolutionNode = FALSE
	EndGlobalSection
	GlobalSection(ExtensibilityGlobals) = postSolution
		SolutionGuid = {061A1AA5-F0A9-401C-BF45-54980C433487}
	EndGlobalSection
EndGlobal
